
Microsoft Visual Studio Solution File, Format Version 12.00
# Visual Studio Version 17
VisualStudioVersion = 17.5.33516.290
MinimumVisualStudioVersion = 10.0.40219.1
Project("{FAE04EC0-301F-11D3-BF4B-00C04F79EFBC}") = "pilothandbook", "pilothandbook\pilothandbook.csproj", "{5482CA30-A094-489D-B170-8E8EADC55772}"
EndProject
Global
	GlobalSection(SolutionConfigurationPlatforms) = preSolution
		Debug|Any CPU = Debug|Any CPU
		Release|Any CPU = Release|Any CPU
	EndGlobalSection
	GlobalSection(ProjectConfigurationPlatforms) = postSolution
		{5482CA30-A094-489D-B170-8E8EADC55772}.Debug|Any CPU.ActiveCfg = Debug|Any CPU
		{5482CA30-A094-489D-B170-8E8EADC55772}.Debug|Any CPU.Build.0 = Debug|Any CPU
		{5482CA30-A094-489D-B170-8E8EADC55772}.Release|Any CPU.ActiveCfg = Release|Any CPU
		{5482CA30-A094-489D-B170-8E8EADC55772}.Release|Any CPU.Build.0 = Release|Any CPU
	EndGlobalSection
	GlobalSection(SolutionProperties) = preSolution
		HideSolutionNode = FALSE
	EndGlobalSection
	GlobalSection(ExtensibilityGlobals) = postSolution
		SolutionGuid = {2730B186-05FF-436A-B616-8B8643566AD8}
	EndGlobalSection
EndGlobal
